
Microsoft Visual Studio Solution File, Format Version 12.00
# Visual Studio 2013
VisualStudioVersion = 12.0.30501.0
MinimumVisualStudioVersion = 10.0.40219.1
Project("{FAE04EC0-301F-11D3-BF4B-00C04F79EFBC}") = "XFormsPreviewer", "XFormsPreviewer\XFormsPreviewer\XFormsPreviewer.csproj", "{BD7BA5C0-DC02-4D44-9E8A-43F8B86A0A73}"
EndProject
Project("{FAE04EC0-301F-11D3-BF4B-00C04F79EFBC}") = "XFormsPreviewer.iOS", "XFormsPreviewer\XFormsPreviewer.iOS\XFormsPreviewer.iOS.csproj", "{73AE8165-FBB1-4CBB-BBD6-9AD0A5493AFB}"
EndProject
Project("{FAE04EC0-301F-11D3-BF4B-00C04F79EFBC}") = "XFormsPreviewer.Android", "XFormsPreviewer\XFormsPreviewer.Android\XFormsPreviewer.Android.csproj", "{E041F44F-CA2B-40EF-A744-01FEECA36143}"
EndProject
Project("{FAE04EC0-301F-11D3-BF4B-00C04F79EFBC}") = "XFormsPreviewer.WinPhone", "XFormsPreviewer\XFormsPreviewer.WinPhone\XFormsPreviewer.WinPhone.csproj", "{33DE5E57-1FD3-4094-BFC0-E3AD9368B367}"
EndProject
Project("{F2A71F9B-5D33-465A-A702-920D77279786}") = "XFormsProvider", "XFormsProvider\XFormsProvider.fsproj", "{7C89346B-27E7-46F9-B3B8-89A457556030}"
EndProject
Project("{FAE04EC0-301F-11D3-BF4B-00C04F79EFBC}") = "XformsProvider.Test", "XformsProvider.Test\XformsProvider.Test.csproj", "{C6C4A91E-8259-44D1-B73A-7AE1DCB5D8E7}"
EndProject
Project("{2150E333-8FDC-42A3-9474-1A3956D46DE8}") = "Host", "Host", "{97E20C99-13EB-45BE-8AAF-69E3F609FD15}"
EndProject
Project("{2150E333-8FDC-42A3-9474-1A3956D46DE8}") = "Viewer", "Viewer", "{D54BCDBC-7886-4808-BCA3-FA77FBA64B1B}"
EndProject
Project("{FAE04EC0-301F-11D3-BF4B-00C04F79EFBC}") = "XFormsPreviewHost", "XFormsPreviewHost\XFormsPreviewHost.csproj", "{ACCB3FBE-127F-45C6-A523-4D778D4F2EA5}"
EndProject
Project("{2150E333-8FDC-42A3-9474-1A3956D46DE8}") = "Sample", "Sample", "{F6BCEB78-A137-4BF5-BF33-10CDD7BF232F}"
EndProject
Project("{FAE04EC0-301F-11D3-BF4B-00C04F79EFBC}") = "XFormsSampleApp", "Sample\XFormsSampleApp\XFormsSampleApp\XFormsSampleApp.csproj", "{18748ED2-2050-48BD-8F07-85F0DDE1617C}"
EndProject
Project("{FAE04EC0-301F-11D3-BF4B-00C04F79EFBC}") = "XFormsSampleApp.iOS", "Sample\XFormsSampleApp\XFormsSampleApp.iOS\XFormsSampleApp.iOS.csproj", "{3D2F7701-DC71-4C41-BB08-0A0EBCD0EC8B}"
EndProject
Project("{FAE04EC0-301F-11D3-BF4B-00C04F79EFBC}") = "XFormsSampleApp.Android", "Sample\XFormsSampleApp\XFormsSampleApp.Android\XFormsSampleApp.Android.csproj", "{ABB39328-7146-4DF8-A1AA-F47A91E66E37}"
EndProject
Project("{FAE04EC0-301F-11D3-BF4B-00C04F79EFBC}") = "XFormsSampleApp.WinPhone", "Sample\XFormsSampleApp\XFormsSampleApp.WinPhone\XFormsSampleApp.WinPhone.csproj", "{335C6B81-14DF-4830-A2CD-2297F7C5349D}"
EndProject
Global
	GlobalSection(SolutionConfigurationPlatforms) = preSolution
		Ad-Hoc|Any CPU = Ad-Hoc|Any CPU
		Ad-Hoc|ARM = Ad-Hoc|ARM
		Ad-Hoc|iPhone = Ad-Hoc|iPhone
		Ad-Hoc|iPhoneSimulator = Ad-Hoc|iPhoneSimulator
		Ad-Hoc|Mixed Platforms = Ad-Hoc|Mixed Platforms
		Ad-Hoc|x86 = Ad-Hoc|x86
		AppStore|Any CPU = AppStore|Any CPU
		AppStore|ARM = AppStore|ARM
		AppStore|iPhone = AppStore|iPhone
		AppStore|iPhoneSimulator = AppStore|iPhoneSimulator
		AppStore|Mixed Platforms = AppStore|Mixed Platforms
		AppStore|x86 = AppStore|x86
		Debug|Any CPU = Debug|Any CPU
		Debug|ARM = Debug|ARM
		Debug|iPhone = Debug|iPhone
		Debug|iPhoneSimulator = Debug|iPhoneSimulator
		Debug|Mixed Platforms = Debug|Mixed Platforms
		Debug|x86 = Debug|x86
		Release|Any CPU = Release|Any CPU
		Release|ARM = Release|ARM
		Release|iPhone = Release|iPhone
		Release|iPhoneSimulator = Release|iPhoneSimulator
		Release|Mixed Platforms = Release|Mixed Platforms
		Release|x86 = Release|x86
	EndGlobalSection
	GlobalSection(ProjectConfigurationPlatforms) = postSolution
		{BD7BA5C0-DC02-4D44-9E8A-43F8B86A0A73}.Ad-Hoc|Any CPU.ActiveCfg = Release|Any CPU
		{BD7BA5C0-DC02-4D44-9E8A-43F8B86A0A73}.Ad-Hoc|Any CPU.Build.0 = Release|Any CPU
		{BD7BA5C0-DC02-4D44-9E8A-43F8B86A0A73}.Ad-Hoc|ARM.ActiveCfg = Release|Any CPU
		{BD7BA5C0-DC02-4D44-9E8A-43F8B86A0A73}.Ad-Hoc|iPhone.ActiveCfg = Release|Any CPU
		{BD7BA5C0-DC02-4D44-9E8A-43F8B86A0A73}.Ad-Hoc|iPhoneSimulator.ActiveCfg = Release|Any CPU
		{BD7BA5C0-DC02-4D44-9E8A-43F8B86A0A73}.Ad-Hoc|Mixed Platforms.ActiveCfg = Release|Any CPU
		{BD7BA5C0-DC02-4D44-9E8A-43F8B86A0A73}.Ad-Hoc|Mixed Platforms.Build.0 = Release|Any CPU
		{BD7BA5C0-DC02-4D44-9E8A-43F8B86A0A73}.Ad-Hoc|x86.ActiveCfg = Release|Any CPU
		{BD7BA5C0-DC02-4D44-9E8A-43F8B86A0A73}.AppStore|Any CPU.ActiveCfg = Release|Any CPU
		{BD7BA5C0-DC02-4D44-9E8A-43F8B86A0A73}.AppStore|Any CPU.Build.0 = Release|Any CPU
		{BD7BA5C0-DC02-4D44-9E8A-43F8B86A0A73}.AppStore|ARM.ActiveCfg = Release|Any CPU
		{BD7BA5C0-DC02-4D44-9E8A-43F8B86A0A73}.AppStore|iPhone.ActiveCfg = Release|Any CPU
		{BD7BA5C0-DC02-4D44-9E8A-43F8B86A0A73}.AppStore|iPhoneSimulator.ActiveCfg = Release|Any CPU
		{BD7BA5C0-DC02-4D44-9E8A-43F8B86A0A73}.AppStore|Mixed Platforms.ActiveCfg = Release|Any CPU
		{BD7BA5C0-DC02-4D44-9E8A-43F8B86A0A73}.AppStore|Mixed Platforms.Build.0 = Release|Any CPU
		{BD7BA5C0-DC02-4D44-9E8A-43F8B86A0A73}.AppStore|x86.ActiveCfg = Release|Any CPU
		{BD7BA5C0-DC02-4D44-9E8A-43F8B86A0A73}.Debug|Any CPU.ActiveCfg = Debug|Any CPU
		{BD7BA5C0-DC02-4D44-9E8A-43F8B86A0A73}.Debug|Any CPU.Build.0 = Debug|Any CPU
		{BD7BA5C0-DC02-4D44-9E8A-43F8B86A0A73}.Debug|ARM.ActiveCfg = Debug|Any CPU
		{BD7BA5C0-DC02-4D44-9E8A-43F8B86A0A73}.Debug|iPhone.ActiveCfg = Debug|Any CPU
		{BD7BA5C0-DC02-4D44-9E8A-43F8B86A0A73}.Debug|iPhoneSimulator.ActiveCfg = Debug|Any CPU
		{BD7BA5C0-DC02-4D44-9E8A-43F8B86A0A73}.Debug|Mixed Platforms.ActiveCfg = Debug|Any CPU
		{BD7BA5C0-DC02-4D44-9E8A-43F8B86A0A73}.Debug|Mixed Platforms.Build.0 = Debug|Any CPU
		{BD7BA5C0-DC02-4D44-9E8A-43F8B86A0A73}.Debug|x86.ActiveCfg = Debug|Any CPU
		{BD7BA5C0-DC02-4D44-9E8A-43F8B86A0A73}.Release|Any CPU.ActiveCfg = Release|Any CPU
		{BD7BA5C0-DC02-4D44-9E8A-43F8B86A0A73}.Release|Any CPU.Build.0 = Release|Any CPU
		{BD7BA5C0-DC02-4D44-9E8A-43F8B86A0A73}.Release|ARM.ActiveCfg = Release|Any CPU
		{BD7BA5C0-DC02-4D44-9E8A-43F8B86A0A73}.Release|iPhone.ActiveCfg = Release|Any CPU
		{BD7BA5C0-DC02-4D44-9E8A-43F8B86A0A73}.Release|iPhoneSimulator.ActiveCfg = Release|Any CPU
		{BD7BA5C0-DC02-4D44-9E8A-43F8B86A0A73}.Release|Mixed Platforms.ActiveCfg = Release|Any CPU
		{BD7BA5C0-DC02-4D44-9E8A-43F8B86A0A73}.Release|Mixed Platforms.Build.0 = Release|Any CPU
		{BD7BA5C0-DC02-4D44-9E8A-43F8B86A0A73}.Release|x86.ActiveCfg = Release|Any CPU
		{73AE8165-FBB1-4CBB-BBD6-9AD0A5493AFB}.Ad-Hoc|Any CPU.ActiveCfg = Ad-Hoc|iPhone
		{73AE8165-FBB1-4CBB-BBD6-9AD0A5493AFB}.Ad-Hoc|ARM.ActiveCfg = Ad-Hoc|iPhone
		{73AE8165-FBB1-4CBB-BBD6-9AD0A5493AFB}.Ad-Hoc|iPhone.ActiveCfg = Ad-Hoc|iPhone
		{73AE8165-FBB1-4CBB-BBD6-9AD0A5493AFB}.Ad-Hoc|iPhone.Build.0 = Ad-Hoc|iPhone
		{73AE8165-FBB1-4CBB-BBD6-9AD0A5493AFB}.Ad-Hoc|iPhone.Deploy.0 = Ad-Hoc|iPhone
		{73AE8165-FBB1-4CBB-BBD6-9AD0A5493AFB}.Ad-Hoc|iPhoneSimulator.ActiveCfg = Ad-Hoc|iPhoneSimulator
		{73AE8165-FBB1-4CBB-BBD6-9AD0A5493AFB}.Ad-Hoc|iPhoneSimulator.Build.0 = Ad-Hoc|iPhoneSimulator
		{73AE8165-FBB1-4CBB-BBD6-9AD0A5493AFB}.Ad-Hoc|iPhoneSimulator.Deploy.0 = Ad-Hoc|iPhoneSimulator
		{73AE8165-FBB1-4CBB-BBD6-9AD0A5493AFB}.Ad-Hoc|Mixed Platforms.ActiveCfg = Ad-Hoc|iPhone
		{73AE8165-FBB1-4CBB-BBD6-9AD0A5493AFB}.Ad-Hoc|Mixed Platforms.Build.0 = Ad-Hoc|iPhone
		{73AE8165-FBB1-4CBB-BBD6-9AD0A5493AFB}.Ad-Hoc|Mixed Platforms.Deploy.0 = Ad-Hoc|iPhone
		{73AE8165-FBB1-4CBB-BBD6-9AD0A5493AFB}.Ad-Hoc|x86.ActiveCfg = Ad-Hoc|iPhone
		{73AE8165-FBB1-4CBB-BBD6-9AD0A5493AFB}.AppStore|Any CPU.ActiveCfg = AppStore|iPhone
		{73AE8165-FBB1-4CBB-BBD6-9AD0A5493AFB}.AppStore|ARM.ActiveCfg = AppStore|iPhone
		{73AE8165-FBB1-4CBB-BBD6-9AD0A5493AFB}.AppStore|iPhone.ActiveCfg = AppStore|iPhone
		{73AE8165-FBB1-4CBB-BBD6-9AD0A5493AFB}.AppStore|iPhone.Build.0 = AppStore|iPhone
		{73AE8165-FBB1-4CBB-BBD6-9AD0A5493AFB}.AppStore|iPhone.Deploy.0 = AppStore|iPhone
		{73AE8165-FBB1-4CBB-BBD6-9AD0A5493AFB}.AppStore|iPhoneSimulator.ActiveCfg = AppStore|iPhoneSimulator
		{73AE8165-FBB1-4CBB-BBD6-9AD0A5493AFB}.AppStore|iPhoneSimulator.Build.0 = AppStore|iPhoneSimulator
		{73AE8165-FBB1-4CBB-BBD6-9AD0A5493AFB}.AppStore|iPhoneSimulator.Deploy.0 = AppStore|iPhoneSimulator
		{73AE8165-FBB1-4CBB-BBD6-9AD0A5493AFB}.AppStore|Mixed Platforms.ActiveCfg = AppStore|iPhone
		{73AE8165-FBB1-4CBB-BBD6-9AD0A5493AFB}.AppStore|Mixed Platforms.Build.0 = AppStore|iPhone
		{73AE8165-FBB1-4CBB-BBD6-9AD0A5493AFB}.AppStore|Mixed Platforms.Deploy.0 = AppStore|iPhone
		{73AE8165-FBB1-4CBB-BBD6-9AD0A5493AFB}.AppStore|x86.ActiveCfg = AppStore|iPhone
		{73AE8165-FBB1-4CBB-BBD6-9AD0A5493AFB}.Debug|Any CPU.ActiveCfg = Debug|iPhone
		{73AE8165-FBB1-4CBB-BBD6-9AD0A5493AFB}.Debug|ARM.ActiveCfg = Debug|iPhone
		{73AE8165-FBB1-4CBB-BBD6-9AD0A5493AFB}.Debug|iPhone.ActiveCfg = Debug|iPhone
		{73AE8165-FBB1-4CBB-BBD6-9AD0A5493AFB}.Debug|iPhone.Build.0 = Debug|iPhone
		{73AE8165-FBB1-4CBB-BBD6-9AD0A5493AFB}.Debug|iPhone.Deploy.0 = Debug|iPhone
		{73AE8165-FBB1-4CBB-BBD6-9AD0A5493AFB}.Debug|iPhoneSimulator.ActiveCfg = Debug|iPhoneSimulator
		{73AE8165-FBB1-4CBB-BBD6-9AD0A5493AFB}.Debug|iPhoneSimulator.Build.0 = Debug|iPhoneSimulator
		{73AE8165-FBB1-4CBB-BBD6-9AD0A5493AFB}.Debug|iPhoneSimulator.Deploy.0 = Debug|iPhoneSimulator
		{73AE8165-FBB1-4CBB-BBD6-9AD0A5493AFB}.Debug|Mixed Platforms.ActiveCfg = Debug|iPhone
		{73AE8165-FBB1-4CBB-BBD6-9AD0A5493AFB}.Debug|Mixed Platforms.Build.0 = Debug|iPhone
		{73AE8165-FBB1-4CBB-BBD6-9AD0A5493AFB}.Debug|Mixed Platforms.Deploy.0 = Debug|iPhone
		{73AE8165-FBB1-4CBB-BBD6-9AD0A5493AFB}.Debug|x86.ActiveCfg = Debug|iPhone
		{73AE8165-FBB1-4CBB-BBD6-9AD0A5493AFB}.Release|Any CPU.ActiveCfg = Release|iPhone
		{73AE8165-FBB1-4CBB-BBD6-9AD0A5493AFB}.Release|ARM.ActiveCfg = Release|iPhone
		{73AE8165-FBB1-4CBB-BBD6-9AD0A5493AFB}.Release|iPhone.ActiveCfg = Release|iPhone
		{73AE8165-FBB1-4CBB-BBD6-9AD0A5493AFB}.Release|iPhone.Build.0 = Release|iPhone
		{73AE8165-FBB1-4CBB-BBD6-9AD0A5493AFB}.Release|iPhone.Deploy.0 = Release|iPhone
		{73AE8165-FBB1-4CBB-BBD6-9AD0A5493AFB}.Release|iPhoneSimulator.ActiveCfg = Release|iPhoneSimulator
		{73AE8165-FBB1-4CBB-BBD6-9AD0A5493AFB}.Release|iPhoneSimulator.Build.0 = Release|iPhoneSimulator
		{73AE8165-FBB1-4CBB-BBD6-9AD0A5493AFB}.Release|iPhoneSimulator.Deploy.0 = Release|iPhoneSimulator
		{73AE8165-FBB1-4CBB-BBD6-9AD0A5493AFB}.Release|Mixed Platforms.ActiveCfg = Release|iPhone
		{73AE8165-FBB1-4CBB-BBD6-9AD0A5493AFB}.Release|Mixed Platforms.Build.0 = Release|iPhone
		{73AE8165-FBB1-4CBB-BBD6-9AD0A5493AFB}.Release|Mixed Platforms.Deploy.0 = Release|iPhone
		{73AE8165-FBB1-4CBB-BBD6-9AD0A5493AFB}.Release|x86.ActiveCfg = Release|iPhone
		{E041F44F-CA2B-40EF-A744-01FEECA36143}.Ad-Hoc|Any CPU.ActiveCfg = Release|Any CPU
		{E041F44F-CA2B-40EF-A744-01FEECA36143}.Ad-Hoc|Any CPU.Build.0 = Release|Any CPU
		{E041F44F-CA2B-40EF-A744-01FEECA36143}.Ad-Hoc|Any CPU.Deploy.0 = Release|Any CPU
		{E041F44F-CA2B-40EF-A744-01FEECA36143}.Ad-Hoc|ARM.ActiveCfg = Release|Any CPU
		{E041F44F-CA2B-40EF-A744-01FEECA36143}.Ad-Hoc|iPhone.ActiveCfg = Release|Any CPU
		{E041F44F-CA2B-40EF-A744-01FEECA36143}.Ad-Hoc|iPhoneSimulator.ActiveCfg = Release|Any CPU
		{E041F44F-CA2B-40EF-A744-01FEECA36143}.Ad-Hoc|Mixed Platforms.ActiveCfg = Release|Any CPU
		{E041F44F-CA2B-40EF-A744-01FEECA36143}.Ad-Hoc|Mixed Platforms.Build.0 = Release|Any CPU
		{E041F44F-CA2B-40EF-A744-01FEECA36143}.Ad-Hoc|Mixed Platforms.Deploy.0 = Release|Any CPU
		{E041F44F-CA2B-40EF-A744-01FEECA36143}.Ad-Hoc|x86.ActiveCfg = Release|Any CPU
		{E041F44F-CA2B-40EF-A744-01FEECA36143}.AppStore|Any CPU.ActiveCfg = Release|Any CPU
		{E041F44F-CA2B-40EF-A744-01FEECA36143}.AppStore|Any CPU.Build.0 = Release|Any CPU
		{E041F44F-CA2B-40EF-A744-01FEECA36143}.AppStore|Any CPU.Deploy.0 = Release|Any CPU
		{E041F44F-CA2B-40EF-A744-01FEECA36143}.AppStore|ARM.ActiveCfg = Release|Any CPU
		{E041F44F-CA2B-40EF-A744-01FEECA36143}.AppStore|iPhone.ActiveCfg = Release|Any CPU
		{E041F44F-CA2B-40EF-A744-01FEECA36143}.AppStore|iPhoneSimulator.ActiveCfg = Release|Any CPU
		{E041F44F-CA2B-40EF-A744-01FEECA36143}.AppStore|Mixed Platforms.ActiveCfg = Release|Any CPU
		{E041F44F-CA2B-40EF-A744-01FEECA36143}.AppStore|Mixed Platforms.Build.0 = Release|Any CPU
		{E041F44F-CA2B-40EF-A744-01FEECA36143}.AppStore|Mixed Platforms.Deploy.0 = Release|Any CPU
		{E041F44F-CA2B-40EF-A744-01FEECA36143}.AppStore|x86.ActiveCfg = Release|Any CPU
		{E041F44F-CA2B-40EF-A744-01FEECA36143}.Debug|Any CPU.ActiveCfg = Debug|Any CPU
		{E041F44F-CA2B-40EF-A744-01FEECA36143}.Debug|Any CPU.Build.0 = Debug|Any CPU
		{E041F44F-CA2B-40EF-A744-01FEECA36143}.Debug|Any CPU.Deploy.0 = Debug|Any CPU
		{E041F44F-CA2B-40EF-A744-01FEECA36143}.Debug|ARM.ActiveCfg = Debug|Any CPU
		{E041F44F-CA2B-40EF-A744-01FEECA36143}.Debug|iPhone.ActiveCfg = Debug|Any CPU
		{E041F44F-CA2B-40EF-A744-01FEECA36143}.Debug|iPhoneSimulator.ActiveCfg = Debug|Any CPU
		{E041F44F-CA2B-40EF-A744-01FEECA36143}.Debug|Mixed Platforms.ActiveCfg = Debug|Any CPU
		{E041F44F-CA2B-40EF-A744-01FEECA36143}.Debug|Mixed Platforms.Build.0 = Debug|Any CPU
		{E041F44F-CA2B-40EF-A744-01FEECA36143}.Debug|Mixed Platforms.Deploy.0 = Debug|Any CPU
		{E041F44F-CA2B-40EF-A744-01FEECA36143}.Debug|x86.ActiveCfg = Debug|Any CPU
		{E041F44F-CA2B-40EF-A744-01FEECA36143}.Release|Any CPU.ActiveCfg = Release|Any CPU
		{E041F44F-CA2B-40EF-A744-01FEECA36143}.Release|Any CPU.Build.0 = Release|Any CPU
		{E041F44F-CA2B-40EF-A744-01FEECA36143}.Release|Any CPU.Deploy.0 = Release|Any CPU
		{E041F44F-CA2B-40EF-A744-01FEECA36143}.Release|ARM.ActiveCfg = Release|Any CPU
		{E041F44F-CA2B-40EF-A744-01FEECA36143}.Release|iPhone.ActiveCfg = Release|Any CPU
		{E041F44F-CA2B-40EF-A744-01FEECA36143}.Release|iPhoneSimulator.ActiveCfg = Release|Any CPU
		{E041F44F-CA2B-40EF-A744-01FEECA36143}.Release|Mixed Platforms.ActiveCfg = Release|Any CPU
		{E041F44F-CA2B-40EF-A744-01FEECA36143}.Release|Mixed Platforms.Build.0 = Release|Any CPU
		{E041F44F-CA2B-40EF-A744-01FEECA36143}.Release|Mixed Platforms.Deploy.0 = Release|Any CPU
		{E041F44F-CA2B-40EF-A744-01FEECA36143}.Release|x86.ActiveCfg = Release|Any CPU
		{33DE5E57-1FD3-4094-BFC0-E3AD9368B367}.Ad-Hoc|Any CPU.ActiveCfg = Release|Any CPU
		{33DE5E57-1FD3-4094-BFC0-E3AD9368B367}.Ad-Hoc|Any CPU.Build.0 = Release|Any CPU
		{33DE5E57-1FD3-4094-BFC0-E3AD9368B367}.Ad-Hoc|Any CPU.Deploy.0 = Release|Any CPU
		{33DE5E57-1FD3-4094-BFC0-E3AD9368B367}.Ad-Hoc|ARM.ActiveCfg = Release|ARM
		{33DE5E57-1FD3-4094-BFC0-E3AD9368B367}.Ad-Hoc|ARM.Build.0 = Release|ARM
		{33DE5E57-1FD3-4094-BFC0-E3AD9368B367}.Ad-Hoc|ARM.Deploy.0 = Release|ARM
		{33DE5E57-1FD3-4094-BFC0-E3AD9368B367}.Ad-Hoc|iPhone.ActiveCfg = Release|Any CPU
		{33DE5E57-1FD3-4094-BFC0-E3AD9368B367}.Ad-Hoc|iPhoneSimulator.ActiveCfg = Release|Any CPU
		{33DE5E57-1FD3-4094-BFC0-E3AD9368B367}.Ad-Hoc|Mixed Platforms.ActiveCfg = Release|x86
		{33DE5E57-1FD3-4094-BFC0-E3AD9368B367}.Ad-Hoc|Mixed Platforms.Build.0 = Release|x86
		{33DE5E57-1FD3-4094-BFC0-E3AD9368B367}.Ad-Hoc|Mixed Platforms.Deploy.0 = Release|x86
		{33DE5E57-1FD3-4094-BFC0-E3AD9368B367}.Ad-Hoc|x86.ActiveCfg = Release|x86
		{33DE5E57-1FD3-4094-BFC0-E3AD9368B367}.Ad-Hoc|x86.Build.0 = Release|x86
		{33DE5E57-1FD3-4094-BFC0-E3AD9368B367}.Ad-Hoc|x86.Deploy.0 = Release|x86
		{33DE5E57-1FD3-4094-BFC0-E3AD9368B367}.AppStore|Any CPU.ActiveCfg = Release|Any CPU
		{33DE5E57-1FD3-4094-BFC0-E3AD9368B367}.AppStore|Any CPU.Build.0 = Release|Any CPU
		{33DE5E57-1FD3-4094-BFC0-E3AD9368B367}.AppStore|Any CPU.Deploy.0 = Release|Any CPU
		{33DE5E57-1FD3-4094-BFC0-E3AD9368B367}.AppStore|ARM.ActiveCfg = Release|ARM
		{33DE5E57-1FD3-4094-BFC0-E3AD9368B367}.AppStore|ARM.Build.0 = Release|ARM
		{33DE5E57-1FD3-4094-BFC0-E3AD9368B367}.AppStore|ARM.Deploy.0 = Release|ARM
		{33DE5E57-1FD3-4094-BFC0-E3AD9368B367}.AppStore|iPhone.ActiveCfg = Release|Any CPU
		{33DE5E57-1FD3-4094-BFC0-E3AD9368B367}.AppStore|iPhoneSimulator.ActiveCfg = Release|Any CPU
		{33DE5E57-1FD3-4094-BFC0-E3AD9368B367}.AppStore|Mixed Platforms.ActiveCfg = Release|x86
		{33DE5E57-1FD3-4094-BFC0-E3AD9368B367}.AppStore|Mixed Platforms.Build.0 = Release|x86
		{33DE5E57-1FD3-4094-BFC0-E3AD9368B367}.AppStore|Mixed Platforms.Deploy.0 = Release|x86
		{33DE5E57-1FD3-4094-BFC0-E3AD9368B367}.AppStore|x86.ActiveCfg = Release|x86
		{33DE5E57-1FD3-4094-BFC0-E3AD9368B367}.AppStore|x86.Build.0 = Release|x86
		{33DE5E57-1FD3-4094-BFC0-E3AD9368B367}.AppStore|x86.Deploy.0 = Release|x86
		{33DE5E57-1FD3-4094-BFC0-E3AD9368B367}.Debug|Any CPU.ActiveCfg = Debug|Any CPU
		{33DE5E57-1FD3-4094-BFC0-E3AD9368B367}.Debug|Any CPU.Build.0 = Debug|Any CPU
		{33DE5E57-1FD3-4094-BFC0-E3AD9368B367}.Debug|Any CPU.Deploy.0 = Debug|Any CPU
		{33DE5E57-1FD3-4094-BFC0-E3AD9368B367}.Debug|ARM.ActiveCfg = Debug|ARM
		{33DE5E57-1FD3-4094-BFC0-E3AD9368B367}.Debug|ARM.Build.0 = Debug|ARM
		{33DE5E57-1FD3-4094-BFC0-E3AD9368B367}.Debug|ARM.Deploy.0 = Debug|ARM
		{33DE5E57-1FD3-4094-BFC0-E3AD9368B367}.Debug|iPhone.ActiveCfg = Debug|Any CPU
		{33DE5E57-1FD3-4094-BFC0-E3AD9368B367}.Debug|iPhoneSimulator.ActiveCfg = Debug|Any CPU
		{33DE5E57-1FD3-4094-BFC0-E3AD9368B367}.Debug|Mixed Platforms.ActiveCfg = Debug|x86
		{33DE5E57-1FD3-4094-BFC0-E3AD9368B367}.Debug|Mixed Platforms.Build.0 = Debug|x86
		{33DE5E57-1FD3-4094-BFC0-E3AD9368B367}.Debug|Mixed Platforms.Deploy.0 = Debug|x86
		{33DE5E57-1FD3-4094-BFC0-E3AD9368B367}.Debug|x86.ActiveCfg = Debug|x86
		{33DE5E57-1FD3-4094-BFC0-E3AD9368B367}.Debug|x86.Build.0 = Debug|x86
		{33DE5E57-1FD3-4094-BFC0-E3AD9368B367}.Debug|x86.Deploy.0 = Debug|x86
		{33DE5E57-1FD3-4094-BFC0-E3AD9368B367}.Release|Any CPU.ActiveCfg = Release|Any CPU
		{33DE5E57-1FD3-4094-BFC0-E3AD9368B367}.Release|Any CPU.Build.0 = Release|Any CPU
		{33DE5E57-1FD3-4094-BFC0-E3AD9368B367}.Release|Any CPU.Deploy.0 = Release|Any CPU
		{33DE5E57-1FD3-4094-BFC0-E3AD9368B367}.Release|ARM.ActiveCfg = Release|ARM
		{33DE5E57-1FD3-4094-BFC0-E3AD9368B367}.Release|ARM.Build.0 = Release|ARM
		{33DE5E57-1FD3-4094-BFC0-E3AD9368B367}.Release|ARM.Deploy.0 = Release|ARM
		{33DE5E57-1FD3-4094-BFC0-E3AD9368B367}.Release|iPhone.ActiveCfg = Release|Any CPU
		{33DE5E57-1FD3-4094-BFC0-E3AD9368B367}.Release|iPhoneSimulator.ActiveCfg = Release|Any CPU
		{33DE5E57-1FD3-4094-BFC0-E3AD9368B367}.Release|Mixed Platforms.ActiveCfg = Release|x86
		{33DE5E57-1FD3-4094-BFC0-E3AD9368B367}.Release|Mixed Platforms.Build.0 = Release|x86
		{33DE5E57-1FD3-4094-BFC0-E3AD9368B367}.Release|Mixed Platforms.Deploy.0 = Release|x86
		{33DE5E57-1FD3-4094-BFC0-E3AD9368B367}.Release|x86.ActiveCfg = Release|x86
		{33DE5E57-1FD3-4094-BFC0-E3AD9368B367}.Release|x86.Build.0 = Release|x86
		{33DE5E57-1FD3-4094-BFC0-E3AD9368B367}.Release|x86.Deploy.0 = Release|x86
		{7C89346B-27E7-46F9-B3B8-89A457556030}.Ad-Hoc|Any CPU.ActiveCfg = Release|Any CPU
		{7C89346B-27E7-46F9-B3B8-89A457556030}.Ad-Hoc|Any CPU.Build.0 = Release|Any CPU
		{7C89346B-27E7-46F9-B3B8-89A457556030}.Ad-Hoc|ARM.ActiveCfg = Release|Any CPU
		{7C89346B-27E7-46F9-B3B8-89A457556030}.Ad-Hoc|iPhone.ActiveCfg = Release|Any CPU
		{7C89346B-27E7-46F9-B3B8-89A457556030}.Ad-Hoc|iPhoneSimulator.ActiveCfg = Release|Any CPU
		{7C89346B-27E7-46F9-B3B8-89A457556030}.Ad-Hoc|Mixed Platforms.ActiveCfg = Release|Any CPU
		{7C89346B-27E7-46F9-B3B8-89A457556030}.Ad-Hoc|Mixed Platforms.Build.0 = Release|Any CPU
		{7C89346B-27E7-46F9-B3B8-89A457556030}.Ad-Hoc|x86.ActiveCfg = Release|Any CPU
		{7C89346B-27E7-46F9-B3B8-89A457556030}.AppStore|Any CPU.ActiveCfg = Release|Any CPU
		{7C89346B-27E7-46F9-B3B8-89A457556030}.AppStore|Any CPU.Build.0 = Release|Any CPU
		{7C89346B-27E7-46F9-B3B8-89A457556030}.AppStore|ARM.ActiveCfg = Release|Any CPU
		{7C89346B-27E7-46F9-B3B8-89A457556030}.AppStore|iPhone.ActiveCfg = Release|Any CPU
		{7C89346B-27E7-46F9-B3B8-89A457556030}.AppStore|iPhoneSimulator.ActiveCfg = Release|Any CPU
		{7C89346B-27E7-46F9-B3B8-89A457556030}.AppStore|Mixed Platforms.ActiveCfg = Release|Any CPU
		{7C89346B-27E7-46F9-B3B8-89A457556030}.AppStore|Mixed Platforms.Build.0 = Release|Any CPU
		{7C89346B-27E7-46F9-B3B8-89A457556030}.AppStore|x86.ActiveCfg = Release|Any CPU
		{7C89346B-27E7-46F9-B3B8-89A457556030}.Debug|Any CPU.ActiveCfg = Debug|Any CPU
		{7C89346B-27E7-46F9-B3B8-89A457556030}.Debug|Any CPU.Build.0 = Debug|Any CPU
		{7C89346B-27E7-46F9-B3B8-89A457556030}.Debug|ARM.ActiveCfg = Debug|Any CPU
		{7C89346B-27E7-46F9-B3B8-89A457556030}.Debug|iPhone.ActiveCfg = Debug|Any CPU
		{7C89346B-27E7-46F9-B3B8-89A457556030}.Debug|iPhoneSimulator.ActiveCfg = Debug|Any CPU
		{7C89346B-27E7-46F9-B3B8-89A457556030}.Debug|Mixed Platforms.ActiveCfg = Debug|Any CPU
		{7C89346B-27E7-46F9-B3B8-89A457556030}.Debug|Mixed Platforms.Build.0 = Debug|Any CPU
		{7C89346B-27E7-46F9-B3B8-89A457556030}.Debug|x86.ActiveCfg = Debug|Any CPU
		{7C89346B-27E7-46F9-B3B8-89A457556030}.Release|Any CPU.ActiveCfg = Release|Any CPU
		{7C89346B-27E7-46F9-B3B8-89A457556030}.Release|Any CPU.Build.0 = Release|Any CPU
		{7C89346B-27E7-46F9-B3B8-89A457556030}.Release|ARM.ActiveCfg = Release|Any CPU
		{7C89346B-27E7-46F9-B3B8-89A457556030}.Release|iPhone.ActiveCfg = Release|Any CPU
		{7C89346B-27E7-46F9-B3B8-89A457556030}.Release|iPhoneSimulator.ActiveCfg = Release|Any CPU
		{7C89346B-27E7-46F9-B3B8-89A457556030}.Release|Mixed Platforms.ActiveCfg = Release|Any CPU
		{7C89346B-27E7-46F9-B3B8-89A457556030}.Release|Mixed Platforms.Build.0 = Release|Any CPU
		{7C89346B-27E7-46F9-B3B8-89A457556030}.Release|x86.ActiveCfg = Release|Any CPU
		{C6C4A91E-8259-44D1-B73A-7AE1DCB5D8E7}.Ad-Hoc|Any CPU.ActiveCfg = Release|Any CPU
		{C6C4A91E-8259-44D1-B73A-7AE1DCB5D8E7}.Ad-Hoc|Any CPU.Build.0 = Release|Any CPU
		{C6C4A91E-8259-44D1-B73A-7AE1DCB5D8E7}.Ad-Hoc|ARM.ActiveCfg = Release|Any CPU
		{C6C4A91E-8259-44D1-B73A-7AE1DCB5D8E7}.Ad-Hoc|iPhone.ActiveCfg = Release|Any CPU
		{C6C4A91E-8259-44D1-B73A-7AE1DCB5D8E7}.Ad-Hoc|iPhoneSimulator.ActiveCfg = Release|Any CPU
		{C6C4A91E-8259-44D1-B73A-7AE1DCB5D8E7}.Ad-Hoc|Mixed Platforms.ActiveCfg = Release|Any CPU
		{C6C4A91E-8259-44D1-B73A-7AE1DCB5D8E7}.Ad-Hoc|Mixed Platforms.Build.0 = Release|Any CPU
		{C6C4A91E-8259-44D1-B73A-7AE1DCB5D8E7}.Ad-Hoc|x86.ActiveCfg = Release|Any CPU
		{C6C4A91E-8259-44D1-B73A-7AE1DCB5D8E7}.AppStore|Any CPU.ActiveCfg = Release|Any CPU
		{C6C4A91E-8259-44D1-B73A-7AE1DCB5D8E7}.AppStore|Any CPU.Build.0 = Release|Any CPU
		{C6C4A91E-8259-44D1-B73A-7AE1DCB5D8E7}.AppStore|ARM.ActiveCfg = Release|Any CPU
		{C6C4A91E-8259-44D1-B73A-7AE1DCB5D8E7}.AppStore|iPhone.ActiveCfg = Release|Any CPU
		{C6C4A91E-8259-44D1-B73A-7AE1DCB5D8E7}.AppStore|iPhoneSimulator.ActiveCfg = Release|Any CPU
		{C6C4A91E-8259-44D1-B73A-7AE1DCB5D8E7}.AppStore|Mixed Platforms.ActiveCfg = Release|Any CPU
		{C6C4A91E-8259-44D1-B73A-7AE1DCB5D8E7}.AppStore|Mixed Platforms.Build.0 = Release|Any CPU
		{C6C4A91E-8259-44D1-B73A-7AE1DCB5D8E7}.AppStore|x86.ActiveCfg = Release|Any CPU
		{C6C4A91E-8259-44D1-B73A-7AE1DCB5D8E7}.Debug|Any CPU.ActiveCfg = Debug|Any CPU
		{C6C4A91E-8259-44D1-B73A-7AE1DCB5D8E7}.Debug|Any CPU.Build.0 = Debug|Any CPU
		{C6C4A91E-8259-44D1-B73A-7AE1DCB5D8E7}.Debug|ARM.ActiveCfg = Debug|Any CPU
		{C6C4A91E-8259-44D1-B73A-7AE1DCB5D8E7}.Debug|iPhone.ActiveCfg = Debug|Any CPU
		{C6C4A91E-8259-44D1-B73A-7AE1DCB5D8E7}.Debug|iPhoneSimulator.ActiveCfg = Debug|Any CPU
		{C6C4A91E-8259-44D1-B73A-7AE1DCB5D8E7}.Debug|Mixed Platforms.ActiveCfg = Debug|Any CPU
		{C6C4A91E-8259-44D1-B73A-7AE1DCB5D8E7}.Debug|Mixed Platforms.Build.0 = Debug|Any CPU
		{C6C4A91E-8259-44D1-B73A-7AE1DCB5D8E7}.Debug|x86.ActiveCfg = Debug|Any CPU
		{C6C4A91E-8259-44D1-B73A-7AE1DCB5D8E7}.Release|Any CPU.ActiveCfg = Release|Any CPU
		{C6C4A91E-8259-44D1-B73A-7AE1DCB5D8E7}.Release|Any CPU.Build.0 = Release|Any CPU
		{C6C4A91E-8259-44D1-B73A-7AE1DCB5D8E7}.Release|ARM.ActiveCfg = Release|Any CPU
		{C6C4A91E-8259-44D1-B73A-7AE1DCB5D8E7}.Release|iPhone.ActiveCfg = Release|Any CPU
		{C6C4A91E-8259-44D1-B73A-7AE1DCB5D8E7}.Release|iPhoneSimulator.ActiveCfg = Release|Any CPU
		{C6C4A91E-8259-44D1-B73A-7AE1DCB5D8E7}.Release|Mixed Platforms.ActiveCfg = Release|Any CPU
		{C6C4A91E-8259-44D1-B73A-7AE1DCB5D8E7}.Release|Mixed Platforms.Build.0 = Release|Any CPU
		{C6C4A91E-8259-44D1-B73A-7AE1DCB5D8E7}.Release|x86.ActiveCfg = Release|Any CPU
		{ACCB3FBE-127F-45C6-A523-4D778D4F2EA5}.Ad-Hoc|Any CPU.ActiveCfg = Release|Any CPU
		{ACCB3FBE-127F-45C6-A523-4D778D4F2EA5}.Ad-Hoc|Any CPU.Build.0 = Release|Any CPU
		{ACCB3FBE-127F-45C6-A523-4D778D4F2EA5}.Ad-Hoc|ARM.ActiveCfg = Release|Any CPU
		{ACCB3FBE-127F-45C6-A523-4D778D4F2EA5}.Ad-Hoc|iPhone.ActiveCfg = Release|Any CPU
		{ACCB3FBE-127F-45C6-A523-4D778D4F2EA5}.Ad-Hoc|iPhoneSimulator.ActiveCfg = Release|Any CPU
		{ACCB3FBE-127F-45C6-A523-4D778D4F2EA5}.Ad-Hoc|Mixed Platforms.ActiveCfg = Release|Any CPU
		{ACCB3FBE-127F-45C6-A523-4D778D4F2EA5}.Ad-Hoc|Mixed Platforms.Build.0 = Release|Any CPU
		{ACCB3FBE-127F-45C6-A523-4D778D4F2EA5}.Ad-Hoc|x86.ActiveCfg = Release|Any CPU
		{ACCB3FBE-127F-45C6-A523-4D778D4F2EA5}.AppStore|Any CPU.ActiveCfg = Release|Any CPU
		{ACCB3FBE-127F-45C6-A523-4D778D4F2EA5}.AppStore|Any CPU.Build.0 = Release|Any CPU
		{ACCB3FBE-127F-45C6-A523-4D778D4F2EA5}.AppStore|ARM.ActiveCfg = Release|Any CPU
		{ACCB3FBE-127F-45C6-A523-4D778D4F2EA5}.AppStore|iPhone.ActiveCfg = Release|Any CPU
		{ACCB3FBE-127F-45C6-A523-4D778D4F2EA5}.AppStore|iPhoneSimulator.ActiveCfg = Release|Any CPU
		{ACCB3FBE-127F-45C6-A523-4D778D4F2EA5}.AppStore|Mixed Platforms.ActiveCfg = Release|Any CPU
		{ACCB3FBE-127F-45C6-A523-4D778D4F2EA5}.AppStore|Mixed Platforms.Build.0 = Release|Any CPU
		{ACCB3FBE-127F-45C6-A523-4D778D4F2EA5}.AppStore|x86.ActiveCfg = Release|Any CPU
		{ACCB3FBE-127F-45C6-A523-4D778D4F2EA5}.Debug|Any CPU.ActiveCfg = Debug|Any CPU
		{ACCB3FBE-127F-45C6-A523-4D778D4F2EA5}.Debug|Any CPU.Build.0 = Debug|Any CPU
		{ACCB3FBE-127F-45C6-A523-4D778D4F2EA5}.Debug|ARM.ActiveCfg = Debug|Any CPU
		{ACCB3FBE-127F-45C6-A523-4D778D4F2EA5}.Debug|iPhone.ActiveCfg = Debug|Any CPU
		{ACCB3FBE-127F-45C6-A523-4D778D4F2EA5}.Debug|iPhoneSimulator.ActiveCfg = Debug|Any CPU
		{ACCB3FBE-127F-45C6-A523-4D778D4F2EA5}.Debug|Mixed Platforms.ActiveCfg = Debug|Any CPU
		{ACCB3FBE-127F-45C6-A523-4D778D4F2EA5}.Debug|Mixed Platforms.Build.0 = Debug|Any CPU
		{ACCB3FBE-127F-45C6-A523-4D778D4F2EA5}.Debug|x86.ActiveCfg = Debug|Any CPU
		{ACCB3FBE-127F-45C6-A523-4D778D4F2EA5}.Release|Any CPU.ActiveCfg = Release|Any CPU
		{ACCB3FBE-127F-45C6-A523-4D778D4F2EA5}.Release|Any CPU.Build.0 = Release|Any CPU
		{ACCB3FBE-127F-45C6-A523-4D778D4F2EA5}.Release|ARM.ActiveCfg = Release|Any CPU
		{ACCB3FBE-127F-45C6-A523-4D778D4F2EA5}.Release|iPhone.ActiveCfg = Release|Any CPU
		{ACCB3FBE-127F-45C6-A523-4D778D4F2EA5}.Release|iPhoneSimulator.ActiveCfg = Release|Any CPU
		{ACCB3FBE-127F-45C6-A523-4D778D4F2EA5}.Release|Mixed Platforms.ActiveCfg = Release|Any CPU
		{ACCB3FBE-127F-45C6-A523-4D778D4F2EA5}.Release|Mixed Platforms.Build.0 = Release|Any CPU
		{ACCB3FBE-127F-45C6-A523-4D778D4F2EA5}.Release|x86.ActiveCfg = Release|Any CPU
		{18748ED2-2050-48BD-8F07-85F0DDE1617C}.Ad-Hoc|Any CPU.ActiveCfg = Release|Any CPU
		{18748ED2-2050-48BD-8F07-85F0DDE1617C}.Ad-Hoc|Any CPU.Build.0 = Release|Any CPU
		{18748ED2-2050-48BD-8F07-85F0DDE1617C}.Ad-Hoc|ARM.ActiveCfg = Release|Any CPU
		{18748ED2-2050-48BD-8F07-85F0DDE1617C}.Ad-Hoc|iPhone.ActiveCfg = Release|Any CPU
		{18748ED2-2050-48BD-8F07-85F0DDE1617C}.Ad-Hoc|iPhoneSimulator.ActiveCfg = Release|Any CPU
		{18748ED2-2050-48BD-8F07-85F0DDE1617C}.Ad-Hoc|Mixed Platforms.ActiveCfg = Release|Any CPU
		{18748ED2-2050-48BD-8F07-85F0DDE1617C}.Ad-Hoc|Mixed Platforms.Build.0 = Release|Any CPU
		{18748ED2-2050-48BD-8F07-85F0DDE1617C}.Ad-Hoc|x86.ActiveCfg = Release|Any CPU
		{18748ED2-2050-48BD-8F07-85F0DDE1617C}.AppStore|Any CPU.ActiveCfg = Release|Any CPU
		{18748ED2-2050-48BD-8F07-85F0DDE1617C}.AppStore|Any CPU.Build.0 = Release|Any CPU
		{18748ED2-2050-48BD-8F07-85F0DDE1617C}.AppStore|ARM.ActiveCfg = Release|Any CPU
		{18748ED2-2050-48BD-8F07-85F0DDE1617C}.AppStore|iPhone.ActiveCfg = Release|Any CPU
		{18748ED2-2050-48BD-8F07-85F0DDE1617C}.AppStore|iPhoneSimulator.ActiveCfg = Release|Any CPU
		{18748ED2-2050-48BD-8F07-85F0DDE1617C}.AppStore|Mixed Platforms.ActiveCfg = Release|Any CPU
		{18748ED2-2050-48BD-8F07-85F0DDE1617C}.AppStore|Mixed Platforms.Build.0 = Release|Any CPU
		{18748ED2-2050-48BD-8F07-85F0DDE1617C}.AppStore|x86.ActiveCfg = Release|Any CPU
		{18748ED2-2050-48BD-8F07-85F0DDE1617C}.Debug|Any CPU.ActiveCfg = Debug|Any CPU
		{18748ED2-2050-48BD-8F07-85F0DDE1617C}.Debug|Any CPU.Build.0 = Debug|Any CPU
		{18748ED2-2050-48BD-8F07-85F0DDE1617C}.Debug|ARM.ActiveCfg = Debug|Any CPU
		{18748ED2-2050-48BD-8F07-85F0DDE1617C}.Debug|iPhone.ActiveCfg = Debug|Any CPU
		{18748ED2-2050-48BD-8F07-85F0DDE1617C}.Debug|iPhoneSimulator.ActiveCfg = Debug|Any CPU
		{18748ED2-2050-48BD-8F07-85F0DDE1617C}.Debug|Mixed Platforms.ActiveCfg = Debug|Any CPU
		{18748ED2-2050-48BD-8F07-85F0DDE1617C}.Debug|Mixed Platforms.Build.0 = Debug|Any CPU
		{18748ED2-2050-48BD-8F07-85F0DDE1617C}.Debug|x86.ActiveCfg = Debug|Any CPU
		{18748ED2-2050-48BD-8F07-85F0DDE1617C}.Release|Any CPU.ActiveCfg = Release|Any CPU
		{18748ED2-2050-48BD-8F07-85F0DDE1617C}.Release|Any CPU.Build.0 = Release|Any CPU
		{18748ED2-2050-48BD-8F07-85F0DDE1617C}.Release|ARM.ActiveCfg = Release|Any CPU
		{18748ED2-2050-48BD-8F07-85F0DDE1617C}.Release|iPhone.ActiveCfg = Release|Any CPU
		{18748ED2-2050-48BD-8F07-85F0DDE1617C}.Release|iPhoneSimulator.ActiveCfg = Release|Any CPU
		{18748ED2-2050-48BD-8F07-85F0DDE1617C}.Release|Mixed Platforms.ActiveCfg = Release|Any CPU
		{18748ED2-2050-48BD-8F07-85F0DDE1617C}.Release|Mixed Platforms.Build.0 = Release|Any CPU
		{18748ED2-2050-48BD-8F07-85F0DDE1617C}.Release|x86.ActiveCfg = Release|Any CPU
		{3D2F7701-DC71-4C41-BB08-0A0EBCD0EC8B}.Ad-Hoc|Any CPU.ActiveCfg = Ad-Hoc|iPhone
		{3D2F7701-DC71-4C41-BB08-0A0EBCD0EC8B}.Ad-Hoc|ARM.ActiveCfg = Ad-Hoc|iPhone
		{3D2F7701-DC71-4C41-BB08-0A0EBCD0EC8B}.Ad-Hoc|iPhone.ActiveCfg = Ad-Hoc|iPhone
		{3D2F7701-DC71-4C41-BB08-0A0EBCD0EC8B}.Ad-Hoc|iPhone.Build.0 = Ad-Hoc|iPhone
		{3D2F7701-DC71-4C41-BB08-0A0EBCD0EC8B}.Ad-Hoc|iPhone.Deploy.0 = Ad-Hoc|iPhone
		{3D2F7701-DC71-4C41-BB08-0A0EBCD0EC8B}.Ad-Hoc|iPhoneSimulator.ActiveCfg = Ad-Hoc|iPhoneSimulator
		{3D2F7701-DC71-4C41-BB08-0A0EBCD0EC8B}.Ad-Hoc|iPhoneSimulator.Build.0 = Ad-Hoc|iPhoneSimulator
		{3D2F7701-DC71-4C41-BB08-0A0EBCD0EC8B}.Ad-Hoc|iPhoneSimulator.Deploy.0 = Ad-Hoc|iPhoneSimulator
		{3D2F7701-DC71-4C41-BB08-0A0EBCD0EC8B}.Ad-Hoc|Mixed Platforms.ActiveCfg = Ad-Hoc|iPhone
		{3D2F7701-DC71-4C41-BB08-0A0EBCD0EC8B}.Ad-Hoc|Mixed Platforms.Build.0 = Ad-Hoc|iPhone
		{3D2F7701-DC71-4C41-BB08-0A0EBCD0EC8B}.Ad-Hoc|Mixed Platforms.Deploy.0 = Ad-Hoc|iPhone
		{3D2F7701-DC71-4C41-BB08-0A0EBCD0EC8B}.Ad-Hoc|x86.ActiveCfg = Ad-Hoc|iPhone
		{3D2F7701-DC71-4C41-BB08-0A0EBCD0EC8B}.AppStore|Any CPU.ActiveCfg = AppStore|iPhone
		{3D2F7701-DC71-4C41-BB08-0A0EBCD0EC8B}.AppStore|ARM.ActiveCfg = AppStore|iPhone
		{3D2F7701-DC71-4C41-BB08-0A0EBCD0EC8B}.AppStore|iPhone.ActiveCfg = AppStore|iPhone
		{3D2F7701-DC71-4C41-BB08-0A0EBCD0EC8B}.AppStore|iPhone.Build.0 = AppStore|iPhone
		{3D2F7701-DC71-4C41-BB08-0A0EBCD0EC8B}.AppStore|iPhone.Deploy.0 = AppStore|iPhone
		{3D2F7701-DC71-4C41-BB08-0A0EBCD0EC8B}.AppStore|iPhoneSimulator.ActiveCfg = AppStore|iPhoneSimulator
		{3D2F7701-DC71-4C41-BB08-0A0EBCD0EC8B}.AppStore|iPhoneSimulator.Build.0 = AppStore|iPhoneSimulator
		{3D2F7701-DC71-4C41-BB08-0A0EBCD0EC8B}.AppStore|iPhoneSimulator.Deploy.0 = AppStore|iPhoneSimulator
		{3D2F7701-DC71-4C41-BB08-0A0EBCD0EC8B}.AppStore|Mixed Platforms.ActiveCfg = AppStore|iPhone
		{3D2F7701-DC71-4C41-BB08-0A0EBCD0EC8B}.AppStore|Mixed Platforms.Build.0 = AppStore|iPhone
		{3D2F7701-DC71-4C41-BB08-0A0EBCD0EC8B}.AppStore|Mixed Platforms.Deploy.0 = AppStore|iPhone
		{3D2F7701-DC71-4C41-BB08-0A0EBCD0EC8B}.AppStore|x86.ActiveCfg = AppStore|iPhone
		{3D2F7701-DC71-4C41-BB08-0A0EBCD0EC8B}.Debug|Any CPU.ActiveCfg = Debug|iPhone
		{3D2F7701-DC71-4C41-BB08-0A0EBCD0EC8B}.Debug|ARM.ActiveCfg = Debug|iPhone
		{3D2F7701-DC71-4C41-BB08-0A0EBCD0EC8B}.Debug|iPhone.ActiveCfg = Debug|iPhone
		{3D2F7701-DC71-4C41-BB08-0A0EBCD0EC8B}.Debug|iPhone.Build.0 = Debug|iPhone
		{3D2F7701-DC71-4C41-BB08-0A0EBCD0EC8B}.Debug|iPhone.Deploy.0 = Debug|iPhone
		{3D2F7701-DC71-4C41-BB08-0A0EBCD0EC8B}.Debug|iPhoneSimulator.ActiveCfg = Debug|iPhoneSimulator
		{3D2F7701-DC71-4C41-BB08-0A0EBCD0EC8B}.Debug|iPhoneSimulator.Build.0 = Debug|iPhoneSimulator
		{3D2F7701-DC71-4C41-BB08-0A0EBCD0EC8B}.Debug|iPhoneSimulator.Deploy.0 = Debug|iPhoneSimulator
		{3D2F7701-DC71-4C41-BB08-0A0EBCD0EC8B}.Debug|Mixed Platforms.ActiveCfg = Debug|iPhone
		{3D2F7701-DC71-4C41-BB08-0A0EBCD0EC8B}.Debug|Mixed Platforms.Build.0 = Debug|iPhone
		{3D2F7701-DC71-4C41-BB08-0A0EBCD0EC8B}.Debug|Mixed Platforms.Deploy.0 = Debug|iPhone
		{3D2F7701-DC71-4C41-BB08-0A0EBCD0EC8B}.Debug|x86.ActiveCfg = Debug|iPhone
		{3D2F7701-DC71-4C41-BB08-0A0EBCD0EC8B}.Release|Any CPU.ActiveCfg = Release|iPhone
		{3D2F7701-DC71-4C41-BB08-0A0EBCD0EC8B}.Release|ARM.ActiveCfg = Release|iPhone
		{3D2F7701-DC71-4C41-BB08-0A0EBCD0EC8B}.Release|iPhone.ActiveCfg = Release|iPhone
		{3D2F7701-DC71-4C41-BB08-0A0EBCD0EC8B}.Release|iPhone.Build.0 = Release|iPhone
		{3D2F7701-DC71-4C41-BB08-0A0EBCD0EC8B}.Release|iPhone.Deploy.0 = Release|iPhone
		{3D2F7701-DC71-4C41-BB08-0A0EBCD0EC8B}.Release|iPhoneSimulator.ActiveCfg = Release|iPhoneSimulator
		{3D2F7701-DC71-4C41-BB08-0A0EBCD0EC8B}.Release|iPhoneSimulator.Build.0 = Release|iPhoneSimulator
		{3D2F7701-DC71-4C41-BB08-0A0EBCD0EC8B}.Release|iPhoneSimulator.Deploy.0 = Release|iPhoneSimulator
		{3D2F7701-DC71-4C41-BB08-0A0EBCD0EC8B}.Release|Mixed Platforms.ActiveCfg = Release|iPhone
		{3D2F7701-DC71-4C41-BB08-0A0EBCD0EC8B}.Release|Mixed Platforms.Build.0 = Release|iPhone
		{3D2F7701-DC71-4C41-BB08-0A0EBCD0EC8B}.Release|Mixed Platforms.Deploy.0 = Release|iPhone
		{3D2F7701-DC71-4C41-BB08-0A0EBCD0EC8B}.Release|x86.ActiveCfg = Release|iPhone
		{ABB39328-7146-4DF8-A1AA-F47A91E66E37}.Ad-Hoc|Any CPU.ActiveCfg = Release|Any CPU
		{ABB39328-7146-4DF8-A1AA-F47A91E66E37}.Ad-Hoc|Any CPU.Build.0 = Release|Any CPU
		{ABB39328-7146-4DF8-A1AA-F47A91E66E37}.Ad-Hoc|Any CPU.Deploy.0 = Release|Any CPU
		{ABB39328-7146-4DF8-A1AA-F47A91E66E37}.Ad-Hoc|ARM.ActiveCfg = Release|Any CPU
		{ABB39328-7146-4DF8-A1AA-F47A91E66E37}.Ad-Hoc|iPhone.ActiveCfg = Release|Any CPU
		{ABB39328-7146-4DF8-A1AA-F47A91E66E37}.Ad-Hoc|iPhoneSimulator.ActiveCfg = Release|Any CPU
		{ABB39328-7146-4DF8-A1AA-F47A91E66E37}.Ad-Hoc|Mixed Platforms.ActiveCfg = Release|Any CPU
		{ABB39328-7146-4DF8-A1AA-F47A91E66E37}.Ad-Hoc|Mixed Platforms.Build.0 = Release|Any CPU
		{ABB39328-7146-4DF8-A1AA-F47A91E66E37}.Ad-Hoc|Mixed Platforms.Deploy.0 = Release|Any CPU
		{ABB39328-7146-4DF8-A1AA-F47A91E66E37}.Ad-Hoc|x86.ActiveCfg = Release|Any CPU
		{ABB39328-7146-4DF8-A1AA-F47A91E66E37}.AppStore|Any CPU.ActiveCfg = Release|Any CPU
		{ABB39328-7146-4DF8-A1AA-F47A91E66E37}.AppStore|Any CPU.Build.0 = Release|Any CPU
		{ABB39328-7146-4DF8-A1AA-F47A91E66E37}.AppStore|Any CPU.Deploy.0 = Release|Any CPU
		{ABB39328-7146-4DF8-A1AA-F47A91E66E37}.AppStore|ARM.ActiveCfg = Release|Any CPU
		{ABB39328-7146-4DF8-A1AA-F47A91E66E37}.AppStore|iPhone.ActiveCfg = Release|Any CPU
		{ABB39328-7146-4DF8-A1AA-F47A91E66E37}.AppStore|iPhoneSimulator.ActiveCfg = Release|Any CPU
		{ABB39328-7146-4DF8-A1AA-F47A91E66E37}.AppStore|Mixed Platforms.ActiveCfg = Release|Any CPU
		{ABB39328-7146-4DF8-A1AA-F47A91E66E37}.AppStore|Mixed Platforms.Build.0 = Release|Any CPU
		{ABB39328-7146-4DF8-A1AA-F47A91E66E37}.AppStore|Mixed Platforms.Deploy.0 = Release|Any CPU
		{ABB39328-7146-4DF8-A1AA-F47A91E66E37}.AppStore|x86.ActiveCfg = Release|Any CPU
		{ABB39328-7146-4DF8-A1AA-F47A91E66E37}.Debug|Any CPU.ActiveCfg = Debug|Any CPU
		{ABB39328-7146-4DF8-A1AA-F47A91E66E37}.Debug|Any CPU.Build.0 = Debug|Any CPU
		{ABB39328-7146-4DF8-A1AA-F47A91E66E37}.Debug|Any CPU.Deploy.0 = Debug|Any CPU
		{ABB39328-7146-4DF8-A1AA-F47A91E66E37}.Debug|ARM.ActiveCfg = Debug|Any CPU
		{ABB39328-7146-4DF8-A1AA-F47A91E66E37}.Debug|iPhone.ActiveCfg = Debug|Any CPU
		{ABB39328-7146-4DF8-A1AA-F47A91E66E37}.Debug|iPhoneSimulator.ActiveCfg = Debug|Any CPU
		{ABB39328-7146-4DF8-A1AA-F47A91E66E37}.Debug|Mixed Platforms.ActiveCfg = Debug|Any CPU
		{ABB39328-7146-4DF8-A1AA-F47A91E66E37}.Debug|Mixed Platforms.Build.0 = Debug|Any CPU
		{ABB39328-7146-4DF8-A1AA-F47A91E66E37}.Debug|Mixed Platforms.Deploy.0 = Debug|Any CPU
		{ABB39328-7146-4DF8-A1AA-F47A91E66E37}.Debug|x86.ActiveCfg = Debug|Any CPU
		{ABB39328-7146-4DF8-A1AA-F47A91E66E37}.Release|Any CPU.ActiveCfg = Release|Any CPU
		{ABB39328-7146-4DF8-A1AA-F47A91E66E37}.Release|Any CPU.Build.0 = Release|Any CPU
		{ABB39328-7146-4DF8-A1AA-F47A91E66E37}.Release|Any CPU.Deploy.0 = Release|Any CPU
		{ABB39328-7146-4DF8-A1AA-F47A91E66E37}.Release|ARM.ActiveCfg = Release|Any CPU
		{ABB39328-7146-4DF8-A1AA-F47A91E66E37}.Release|iPhone.ActiveCfg = Release|Any CPU
		{ABB39328-7146-4DF8-A1AA-F47A91E66E37}.Release|iPhoneSimulator.ActiveCfg = Release|Any CPU
		{ABB39328-7146-4DF8-A1AA-F47A91E66E37}.Release|Mixed Platforms.ActiveCfg = Release|Any CPU
		{ABB39328-7146-4DF8-A1AA-F47A91E66E37}.Release|Mixed Platforms.Build.0 = Release|Any CPU
		{ABB39328-7146-4DF8-A1AA-F47A91E66E37}.Release|Mixed Platforms.Deploy.0 = Release|Any CPU
		{ABB39328-7146-4DF8-A1AA-F47A91E66E37}.Release|x86.ActiveCfg = Release|Any CPU
		{335C6B81-14DF-4830-A2CD-2297F7C5349D}.Ad-Hoc|Any CPU.ActiveCfg = Release|Any CPU
		{335C6B81-14DF-4830-A2CD-2297F7C5349D}.Ad-Hoc|Any CPU.Build.0 = Release|Any CPU
		{335C6B81-14DF-4830-A2CD-2297F7C5349D}.Ad-Hoc|Any CPU.Deploy.0 = Release|Any CPU
		{335C6B81-14DF-4830-A2CD-2297F7C5349D}.Ad-Hoc|ARM.ActiveCfg = Release|ARM
		{335C6B81-14DF-4830-A2CD-2297F7C5349D}.Ad-Hoc|ARM.Build.0 = Release|ARM
		{335C6B81-14DF-4830-A2CD-2297F7C5349D}.Ad-Hoc|ARM.Deploy.0 = Release|ARM
		{335C6B81-14DF-4830-A2CD-2297F7C5349D}.Ad-Hoc|iPhone.ActiveCfg = Release|Any CPU
		{335C6B81-14DF-4830-A2CD-2297F7C5349D}.Ad-Hoc|iPhoneSimulator.ActiveCfg = Release|Any CPU
		{335C6B81-14DF-4830-A2CD-2297F7C5349D}.Ad-Hoc|Mixed Platforms.ActiveCfg = Release|x86
		{335C6B81-14DF-4830-A2CD-2297F7C5349D}.Ad-Hoc|Mixed Platforms.Build.0 = Release|x86
		{335C6B81-14DF-4830-A2CD-2297F7C5349D}.Ad-Hoc|Mixed Platforms.Deploy.0 = Release|x86
		{335C6B81-14DF-4830-A2CD-2297F7C5349D}.Ad-Hoc|x86.ActiveCfg = Release|x86
		{335C6B81-14DF-4830-A2CD-2297F7C5349D}.Ad-Hoc|x86.Build.0 = Release|x86
		{335C6B81-14DF-4830-A2CD-2297F7C5349D}.Ad-Hoc|x86.Deploy.0 = Release|x86
		{335C6B81-14DF-4830-A2CD-2297F7C5349D}.AppStore|Any CPU.ActiveCfg = Release|Any CPU
		{335C6B81-14DF-4830-A2CD-2297F7C5349D}.AppStore|Any CPU.Build.0 = Release|Any CPU
		{335C6B81-14DF-4830-A2CD-2297F7C5349D}.AppStore|Any CPU.Deploy.0 = Release|Any CPU
		{335C6B81-14DF-4830-A2CD-2297F7C5349D}.AppStore|ARM.ActiveCfg = Release|ARM
		{335C6B81-14DF-4830-A2CD-2297F7C5349D}.AppStore|ARM.Build.0 = Release|ARM
		{335C6B81-14DF-4830-A2CD-2297F7C5349D}.AppStore|ARM.Deploy.0 = Release|ARM
		{335C6B81-14DF-4830-A2CD-2297F7C5349D}.AppStore|iPhone.ActiveCfg = Release|Any CPU
		{335C6B81-14DF-4830-A2CD-2297F7C5349D}.AppStore|iPhoneSimulator.ActiveCfg = Release|Any CPU
		{335C6B81-14DF-4830-A2CD-2297F7C5349D}.AppStore|Mixed Platforms.ActiveCfg = Release|x86
		{335C6B81-14DF-4830-A2CD-2297F7C5349D}.AppStore|Mixed Platforms.Build.0 = Release|x86
		{335C6B81-14DF-4830-A2CD-2297F7C5349D}.AppStore|Mixed Platforms.Deploy.0 = Release|x86
		{335C6B81-14DF-4830-A2CD-2297F7C5349D}.AppStore|x86.ActiveCfg = Release|x86
		{335C6B81-14DF-4830-A2CD-2297F7C5349D}.AppStore|x86.Build.0 = Release|x86
		{335C6B81-14DF-4830-A2CD-2297F7C5349D}.AppStore|x86.Deploy.0 = Release|x86
		{335C6B81-14DF-4830-A2CD-2297F7C5349D}.Debug|Any CPU.ActiveCfg = Debug|Any CPU
		{335C6B81-14DF-4830-A2CD-2297F7C5349D}.Debug|Any CPU.Build.0 = Debug|Any CPU
		{335C6B81-14DF-4830-A2CD-2297F7C5349D}.Debug|Any CPU.Deploy.0 = Debug|Any CPU
		{335C6B81-14DF-4830-A2CD-2297F7C5349D}.Debug|ARM.ActiveCfg = Debug|ARM
		{335C6B81-14DF-4830-A2CD-2297F7C5349D}.Debug|ARM.Build.0 = Debug|ARM
		{335C6B81-14DF-4830-A2CD-2297F7C5349D}.Debug|ARM.Deploy.0 = Debug|ARM
		{335C6B81-14DF-4830-A2CD-2297F7C5349D}.Debug|iPhone.ActiveCfg = Debug|Any CPU
		{335C6B81-14DF-4830-A2CD-2297F7C5349D}.Debug|iPhoneSimulator.ActiveCfg = Debug|Any CPU
		{335C6B81-14DF-4830-A2CD-2297F7C5349D}.Debug|Mixed Platforms.ActiveCfg = Debug|x86
		{335C6B81-14DF-4830-A2CD-2297F7C5349D}.Debug|Mixed Platforms.Build.0 = Debug|x86
		{335C6B81-14DF-4830-A2CD-2297F7C5349D}.Debug|Mixed Platforms.Deploy.0 = Debug|x86
		{335C6B81-14DF-4830-A2CD-2297F7C5349D}.Debug|x86.ActiveCfg = Debug|x86
		{335C6B81-14DF-4830-A2CD-2297F7C5349D}.Debug|x86.Build.0 = Debug|x86
		{335C6B81-14DF-4830-A2CD-2297F7C5349D}.Debug|x86.Deploy.0 = Debug|x86
		{335C6B81-14DF-4830-A2CD-2297F7C5349D}.Release|Any CPU.ActiveCfg = Release|Any CPU
		{335C6B81-14DF-4830-A2CD-2297F7C5349D}.Release|Any CPU.Build.0 = Release|Any CPU
		{335C6B81-14DF-4830-A2CD-2297F7C5349D}.Release|Any CPU.Deploy.0 = Release|Any CPU
		{335C6B81-14DF-4830-A2CD-2297F7C5349D}.Release|ARM.ActiveCfg = Release|ARM
		{335C6B81-14DF-4830-A2CD-2297F7C5349D}.Release|ARM.Build.0 = Release|ARM
		{335C6B81-14DF-4830-A2CD-2297F7C5349D}.Release|ARM.Deploy.0 = Release|ARM
		{335C6B81-14DF-4830-A2CD-2297F7C5349D}.Release|iPhone.ActiveCfg = Release|Any CPU
		{335C6B81-14DF-4830-A2CD-2297F7C5349D}.Release|iPhoneSimulator.ActiveCfg = Release|Any CPU
		{335C6B81-14DF-4830-A2CD-2297F7C5349D}.Release|Mixed Platforms.ActiveCfg = Release|x86
		{335C6B81-14DF-4830-A2CD-2297F7C5349D}.Release|Mixed Platforms.Build.0 = Release|x86
		{335C6B81-14DF-4830-A2CD-2297F7C5349D}.Release|Mixed Platforms.Deploy.0 = Release|x86
		{335C6B81-14DF-4830-A2CD-2297F7C5349D}.Release|x86.ActiveCfg = Release|x86
		{335C6B81-14DF-4830-A2CD-2297F7C5349D}.Release|x86.Build.0 = Release|x86
		{335C6B81-14DF-4830-A2CD-2297F7C5349D}.Release|x86.Deploy.0 = Release|x86
	EndGlobalSection
	GlobalSection(SolutionProperties) = preSolution
		HideSolutionNode = FALSE
	EndGlobalSection
	GlobalSection(NestedProjects) = preSolution
		{BD7BA5C0-DC02-4D44-9E8A-43F8B86A0A73} = {D54BCDBC-7886-4808-BCA3-FA77FBA64B1B}
		{73AE8165-FBB1-4CBB-BBD6-9AD0A5493AFB} = {D54BCDBC-7886-4808-BCA3-FA77FBA64B1B}
		{E041F44F-CA2B-40EF-A744-01FEECA36143} = {D54BCDBC-7886-4808-BCA3-FA77FBA64B1B}
		{33DE5E57-1FD3-4094-BFC0-E3AD9368B367} = {D54BCDBC-7886-4808-BCA3-FA77FBA64B1B}
		{ACCB3FBE-127F-45C6-A523-4D778D4F2EA5} = {97E20C99-13EB-45BE-8AAF-69E3F609FD15}
		{18748ED2-2050-48BD-8F07-85F0DDE1617C} = {F6BCEB78-A137-4BF5-BF33-10CDD7BF232F}
		{3D2F7701-DC71-4C41-BB08-0A0EBCD0EC8B} = {F6BCEB78-A137-4BF5-BF33-10CDD7BF232F}
		{ABB39328-7146-4DF8-A1AA-F47A91E66E37} = {F6BCEB78-A137-4BF5-BF33-10CDD7BF232F}
		{335C6B81-14DF-4830-A2CD-2297F7C5349D} = {F6BCEB78-A137-4BF5-BF33-10CDD7BF232F}
	EndGlobalSection
EndGlobal
